// !$*UTF8*$!
{
	archiveVersion = 1;
	classes = {
	};
	objectVersion = 50;
	objects = {

/* Begin PBXBuildFile section */
		6F485B47250C6EF40030E1DF /* AppDelegate.swift in Sources */ = {isa = PBXBuildFile; fileRef = 6F485B46250C6EF40030E1DF /* AppDelegate.swift */; };
		6F485B49250C6EF40030E1DF /* SceneDelegate.swift in Sources */ = {isa = PBXBuildFile; fileRef = 6F485B48250C6EF40030E1DF /* SceneDelegate.swift */; };
		6F485B4B250C6EF40030E1DF /* ContentView.swift in Sources */ = {isa = PBXBuildFile; fileRef = 6F485B4A250C6EF40030E1DF /* ContentView.swift */; };
		6F485B4D250C6EF80030E1DF /* Assets.xcassets in Resources */ = {isa = PBXBuildFile; fileRef = 6F485B4C250C6EF80030E1DF /* Assets.xcassets */; };
		6F485B50250C6EF80030E1DF /* Preview Assets.xcassets in Resources */ = {isa = PBXBuildFile; fileRef = 6F485B4F250C6EF80030E1DF /* Preview Assets.xcassets */; };
		6F485B53250C6EF80030E1DF /* LaunchScreen.storyboard in Resources */ = {isa = PBXBuildFile; fileRef = 6F485B51250C6EF80030E1DF /* LaunchScreen.storyboard */; };
		6F485B5C250C6FBD0030E1DF /* MapView.swift in Sources */ = {isa = PBXBuildFile; fileRef = 6F485B5B250C6FBD0030E1DF /* MapView.swift */; };
		6F485B5F250C73510030E1DF /* LocationManager.swift in Sources */ = {isa = PBXBuildFile; fileRef = 6F485B5E250C73510030E1DF /* LocationManager.swift */; };
		6F485B62250C7B8F0030E1DF /* Landmark.swift in Sources */ = {isa = PBXBuildFile; fileRef = 6F485B61250C7B8F0030E1DF /* Landmark.swift */; };
		6FE171E42514092A00EFA944 /* PlacesView.swift in Sources */ = {isa = PBXBuildFile; fileRef = 6FE171E32514092A00EFA944 /* PlacesView.swift */; };
/* End PBXBuildFile section */

/* Begin PBXFileReference section */
		6F485B43250C6EF40030E1DF /* NearMeApp.app */ = {isa = PBXFileReference; explicitFileType = wrapper.application; includeInIndex = 0; path = NearMeApp.app; sourceTree = BUILT_PRODUCTS_DIR; };
		6F485B46250C6EF40030E1DF /* AppDelegate.swift */ = {isa = PBXFileReference; lastKnownFileType = sourcecode.swift; path = AppDelegate.swift; sourceTree = "<group>"; };
		6F485B48250C6EF40030E1DF /* SceneDelegate.swift */ = {isa = PBXFileReference; lastKnownFileType = sourcecode.swift; path = SceneDelegate.swift; sourceTree = "<group>"; };
		6F485B4A250C6EF40030E1DF /* ContentView.swift */ = {isa = PBXFileReference; lastKnownFileType = sourcecode.swift; path = ContentView.swift; sourceTree = "<group>"; };
		6F485B4C250C6EF80030E1DF /* Assets.xcassets */ = {isa = PBXFileReference; lastKnownFileType = folder.assetcatalog; path = Assets.xcassets; sourceTree = "<group>"; };
		6F485B4F250C6EF80030E1DF /* Preview Assets.xcassets */ = {isa = PBXFileReference; lastKnownFileType = folder.assetcatalog; path = "Preview Assets.xcassets"; sourceTree = "<group>"; };
		6F485B52250C6EF80030E1DF /* Base */ = {isa = PBXFileReference; lastKnownFileType = file.storyboard; name = Base; path = Base.lproj/LaunchScreen.storyboard; sourceTree = "<group>"; };
		6F485B54250C6EF80030E1DF /* Info.plist */ = {isa = PBXFileReference; lastKnownFileType = text.plist.xml; path = Info.plist; sourceTree = "<group>"; };
		6F485B5B250C6FBD0030E1DF /* MapView.swift */ = {isa = PBXFileReference; lastKnownFileType = sourcecode.swift; path = MapView.swift; sourceTree = "<group>"; };
		6F485B5E250C73510030E1DF /* LocationManager.swift */ = {isa = PBXFileReference; lastKnownFileType = sourcecode.swift; path = LocationManager.swift; sourceTree = "<group>"; };
		6F485B61250C7B8F0030E1DF /* Landmark.swift */ = {isa = PBXFileReference; lastKnownFileType = sourcecode.swift; path = Landmark.swift; sourceTree = "<group>"; };
		6FE171E32514092A00EFA944 /* PlacesView.swift */ = {isa = PBXFileReference; lastKnownFileType = sourcecode.swift; path = PlacesView.swift; sourceTree = "<group>"; };
/* End PBXFileReference section */

/* Begin PBXFrameworksBuildPhase section */
		6F485B40250C6EF40030E1DF /* Frameworks */ = {
			isa = PBXFrameworksBuildPhase;
			buildActionMask = 2147483647;
			files = (
			);
			runOnlyForDeploymentPostprocessing = 0;
		};
/* End PBXFrameworksBuildPhase section */

/* Begin PBXGroup section */
		6F485B3A250C6EF40030E1DF = {
			isa = PBXGroup;
			children = (
				6F485B45250C6EF40030E1DF /* NearMeApp */,
				6F485B44250C6EF40030E1DF /* Products */,
			);
			sourceTree = "<group>";
		};
		6F485B44250C6EF40030E1DF /* Products */ = {
			isa = PBXGroup;
			children = (
				6F485B43250C6EF40030E1DF /* NearMeApp.app */,
			);
			name = Products;
			sourceTree = "<group>";
		};
		6F485B45250C6EF40030E1DF /* NearMeApp */ = {
			isa = PBXGroup;
			children = (
				6F485B60250C7B850030E1DF /* Models */,
				6F485B5D250C73460030E1DF /* Managers */,
				6F485B5A250C6FAE0030E1DF /* Views */,
				6F485B46250C6EF40030E1DF /* AppDelegate.swift */,
				6F485B48250C6EF40030E1DF /* SceneDelegate.swift */,
				6F485B4A250C6EF40030E1DF /* ContentView.swift */,
				6F485B4C250C6EF80030E1DF /* Assets.xcassets */,
				6F485B51250C6EF80030E1DF /* LaunchScreen.storyboard */,
				6F485B54250C6EF80030E1DF /* Info.plist */,
				6F485B4E250C6EF80030E1DF /* Preview Content */,
			);
			path = NearMeApp;
			sourceTree = "<group>";
		};
		6F485B4E250C6EF80030E1DF /* Preview Content */ = {
			isa = PBXGroup;
			children = (
				6F485B4F250C6EF80030E1DF /* Preview Assets.xcassets */,
			);
			path = "Preview Content";
			sourceTree = "<group>";
		};
		6F485B5A250C6FAE0030E1DF /* Views */ = {
			isa = PBXGroup;
			children = (
				6F485B5B250C6FBD0030E1DF /* MapView.swift */,
				6FE171E32514092A00EFA944 /* PlacesView.swift */,
			);
			path = Views;
			sourceTree = "<group>";
		};
		6F485B5D250C73460030E1DF /* Managers */ = {
			isa = PBXGroup;
			children = (
				6F485B5E250C73510030E1DF /* LocationManager.swift */,
			);
			path = Managers;
			sourceTree = "<group>";
		};
		6F485B60250C7B850030E1DF /* Models */ = {
			isa = PBXGroup;
			children = (
				6F485B61250C7B8F0030E1DF /* Landmark.swift */,
			);
			path = Models;
			sourceTree = "<group>";
		};
/* End PBXGroup section */

/* Begin PBXNativeTarget section */
		6F485B42250C6EF40030E1DF /* NearMeApp */ = {
			isa = PBXNativeTarget;
			buildConfigurationList = 6F485B57250C6EF80030E1DF /* Build configuration list for PBXNativeTarget "NearMeApp" */;
			buildPhases = (
				6F485B3F250C6EF40030E1DF /* Sources */,
				6F485B40250C6EF40030E1DF /* Frameworks */,
				6F485B41250C6EF40030E1DF /* Resources */,
			);
			buildRules = (
			);
			dependencies = (
			);
			name = NearMeApp;
			productName = NearMeApp;
			productReference = 6F485B43250C6EF40030E1DF /* NearMeApp.app */;
			productType = "com.apple.product-type.application";
		};
/* End PBXNativeTarget section */

/* Begin PBXProject section */
		6F485B3B250C6EF40030E1DF /* Project object */ = {
			isa = PBXProject;
			attributes = {
				LastSwiftUpdateCheck = 1170;
				LastUpgradeCheck = 1200;
				ORGANIZATIONNAME = "Jaime Escobar";
				TargetAttributes = {
					6F485B42250C6EF40030E1DF = {
						CreatedOnToolsVersion = 11.7;
					};
				};
			};
			buildConfigurationList = 6F485B3E250C6EF40030E1DF /* Build configuration list for PBXProject "NearMeApp" */;
			compatibilityVersion = "Xcode 9.3";
			developmentRegion = en;
			hasScannedForEncodings = 0;
			knownRegions = (
				en,
				Base,
			);
			mainGroup = 6F485B3A250C6EF40030E1DF;
			productRefGroup = 6F485B44250C6EF40030E1DF /* Products */;
			projectDirPath = "";
			projectRoot = "";
			targets = (
				6F485B42250C6EF40030E1DF /* NearMeApp */,
			);
		};
/* End PBXProject section */

/* Begin PBXResourcesBuildPhase section */
		6F485B41250C6EF40030E1DF /* Resources */ = {
			isa = PBXResourcesBuildPhase;
			buildActionMask = 2147483647;
			files = (
				6F485B53250C6EF80030E1DF /* LaunchScreen.storyboard in Resources */,
				6F485B50250C6EF80030E1DF /* Preview Assets.xcassets in Resources */,
				6F485B4D250C6EF80030E1DF /* Assets.xcassets in Resources */,
			);
			runOnlyForDeploymentPostprocessing = 0;
		};
/* End PBXResourcesBuildPhase section */

/* Begin PBXSourcesBuildPhase section */
		6F485B3F250C6EF40030E1DF /* Sources */ = {
			isa = PBXSourcesBuildPhase;
			buildActionMask = 2147483647;
			files = (
				6F485B47250C6EF40030E1DF /* AppDelegate.swift in Sources */,
				6F485B62250C7B8F0030E1DF /* Landmark.swift in Sources */,
				6F485B5C250C6FBD0030E1DF /* MapView.swift in Sources */,
				6FE171E42514092A00EFA944 /* PlacesView.swift in Sources */,
				6F485B5F250C73510030E1DF /* LocationManager.swift in Sources */,
				6F485B49250C6EF40030E1DF /* SceneDelegate.swift in Sources */,
				6F485B4B250C6EF40030E1DF /* ContentView.swift in Sources */,
			);
			runOnlyForDeploymentPostprocessing = 0;
		};
/* End PBXSourcesBuildPhase section */

/* Begin PBXVariantGroup section */
		6F485B51250C6EF80030E1DF /* LaunchScreen.storyboard */ = {
			isa = PBXVariantGroup;
			children = (
				6F485B52250C6EF80030E1DF /* Base */,
			);
			name = LaunchScreen.storyboard;
			sourceTree = "<group>";
		};
/* End PBXVariantGroup section */

/* Begin XCBuildConfiguration section */
		6F485B55250C6EF80030E1DF /* Debug */ = {
			isa = XCBuildConfiguration;
			buildSettings = {
				ALWAYS_SEARCH_USER_PATHS = NO;
				CLANG_ANALYZER_NONNULL = YES;
				CLANG_ANALYZER_NUMBER_OBJECT_CONVERSION = YES_AGGRESSIVE;
				CLANG_CXX_LANGUAGE_STANDARD = "gnu++14";
				CLANG_CXX_LIBRARY = "libc++";
				CLANG_ENABLE_MODULES = YES;
				CLANG_ENABLE_OBJC_ARC = YES;
				CLANG_ENABLE_OBJC_WEAK = YES;
				CLANG_WARN_BLOCK_CAPTURE_AUTORELEASING = YES;
				CLANG_WARN_BOOL_CONVERSION = YES;
				CLANG_WARN_COMMA = YES;
				CLANG_WARN_CONSTANT_CONVERSION = YES;
				CLANG_WARN_DEPRECATED_OBJC_IMPLEMENTATIONS = YES;
				CLANG_WARN_DIRECT_OBJC_ISA_USAGE = YES_ERROR;
				CLANG_WARN_DOCUMENTATION_COMMENTS = YES;
				CLANG_WARN_EMPTY_BODY = YES;
				CLANG_WARN_ENUM_CONVERSION = YES;
				CLANG_WARN_INFINITE_RECURSION = YES;
				CLANG_WARN_INT_CONVERSION = YES;
				CLANG_WARN_NON_LITERAL_NULL_CONVERSION = YES;
				CLANG_WARN_OBJC_IMPLICIT_RETAIN_SELF = YES;
				CLANG_WARN_OBJC_LITERAL_CONVERSION = YES;
				CLANG_WARN_OBJC_ROOT_CLASS = YES_ERROR;
				CLANG_WARN_QUOTED_INCLUDE_IN_FRAMEWORK_HEADER = YES;
				CLANG_WARN_RANGE_LOOP_ANALYSIS = YES;
				CLANG_WARN_STRICT_PROTOTYPES = YES;
				CLANG_WARN_SUSPICIOUS_MOVE = YES;
				CLANG_WARN_UNGUARDED_AVAILABILITY = YES_AGGRESSIVE;
				CLANG_WARN_UNREACHABLE_CODE = YES;
				CLANG_WARN__DUPLICATE_METHOD_MATCH = YES;
				COPY_PHASE_STRIP = NO;
				DEBUG_INFORMATION_FORMAT = dwarf;
				ENABLE_STRICT_OBJC_MSGSEND = YES;
				ENABLE_TESTABILITY = YES;
				GCC_C_LANGUAGE_STANDARD = gnu11;
				GCC_DYNAMIC_NO_PIC = NO;
				GCC_NO_COMMON_BLOCKS = YES;
				GCC_OPTIMIZATION_LEVEL = 0;
				GCC_PREPROCESSOR_DEFINITIONS = (
					"DEBUG=1",
					"$(inherited)",
				);
				GCC_WARN_64_TO_32_BIT_CONVERSION = YES;
				GCC_WARN_ABOUT_RETURN_TYPE = YES_ERROR;
				GCC_WARN_UNDECLARED_SELECTOR = YES;
				GCC_WARN_UNINITIALIZED_AUTOS = YES_AGGRESSIVE;
				GCC_WARN_UNUSED_FUNCTION = YES;
				GCC_WARN_UNUSED_VARIABLE = YES;
				IPHONEOS_DEPLOYMENT_TARGET = 14.0;
				MTL_ENABLE_DEBUG_INFO = INCLUDE_SOURCE;
				MTL_FAST_MATH = YES;
				ONLY_ACTIVE_ARCH = YES;
				SDKROOT = iphoneos;
				SWIFT_ACTIVE_COMPILATION_CONDITIONS = DEBUG;
				SWIFT_OPTIMIZATION_LEVEL = "-Onone";
			};
			name = Debug;
		};
		6F485B56250C6EF80030E1DF /* Release */ = {
			isa = XCBuildConfiguration;
			buildSettings = {
				ALWAYS_SEARCH_USER_PATHS = NO;
				CLANG_ANALYZER_NONNULL = YES;
				CLANG_ANALYZER_NUMBER_OBJECT_CONVERSION = YES_AGGRESSIVE;
				CLANG_CXX_LANGUAGE_STANDARD = "gnu++14";
				CLANG_CXX_LIBRARY = "libc++";
				CLANG_ENABLE_MODULES = YES;
				CLANG_ENABLE_OBJC_ARC = YES;
				CLANG_ENABLE_OBJC_WEAK = YES;
				CLANG_WARN_BLOCK_CAPTURE_AUTORELEASING = YES;
				CLANG_WARN_BOOL_CONVERSION = YES;
				CLANG_WARN_COMMA = YES;
				CLANG_WARN_CONSTANT_CONVERSION = YES;
				CLANG_WARN_DEPRECATED_OBJC_IMPLEMENTATIONS = YES;
				CLANG_WARN_DIRECT_OBJC_ISA_USAGE = YES_ERROR;
				CLANG_WARN_DOCUMENTATION_COMMENTS = YES;
				CLANG_WARN_EMPTY_BODY = YES;
				CLANG_WARN_ENUM_CONVERSION = YES;
				CLANG_WARN_INFINITE_RECURSION = YES;
				CLANG_WARN_INT_CONVERSION = YES;
				CLANG_WARN_NON_LITERAL_NULL_CONVERSION = YES;
				CLANG_WARN_OBJC_IMPLICIT_RETAIN_SELF = YES;
				CLANG_WARN_OBJC_LITERAL_CONVERSION = YES;
				CLANG_WARN_OBJC_ROOT_CLASS = YES_ERROR;
				CLANG_WARN_QUOTED_INCLUDE_IN_FRAMEWORK_HEADER = YES;
				CLANG_WARN_RANGE_LOOP_ANALYSIS = YES;
				CLANG_WARN_STRICT_PROTOTYPES = YES;
				CLANG_WARN_SUSPICIOUS_MOVE = YES;
				CLANG_WARN_UNGUARDED_AVAILABILITY = YES_AGGRESSIVE;
				CLANG_WARN_UNREACHABLE_CODE = YES;
				CLANG_WARN__DUPLICATE_METHOD_MATCH = YES;
				COPY_PHASE_STRIP = NO;
				DEBUG_INFORMATION_FORMAT = "dwarf-with-dsym";
				ENABLE_NS_ASSERTIONS = NO;
				ENABLE_STRICT_OBJC_MSGSEND = YES;
				GCC_C_LANGUAGE_STANDARD = gnu11;
				GCC_NO_COMMON_BLOCKS = YES;
				GCC_WARN_64_TO_32_BIT_CONVERSION = YES;
				GCC_WARN_ABOUT_RETURN_TYPE = YES_ERROR;
				GCC_WARN_UNDECLARED_SELECTOR = YES;
				GCC_WARN_UNINITIALIZED_AUTOS = YES_AGGRESSIVE;
				GCC_WARN_UNUSED_FUNCTION = YES;
				GCC_WARN_UNUSED_VARIABLE = YES;
				IPHONEOS_DEPLOYMENT_TARGET = 14.0;
				MTL_ENABLE_DEBUG_INFO = NO;
				MTL_FAST_MATH = YES;
				SDKROOT = iphoneos;
				SWIFT_COMPILATION_MODE = wholemodule;
				SWIFT_OPTIMIZATION_LEVEL = "-O";
				VALIDATE_PRODUCT = YES;
			};
			name = Release;
		};
		6F485B58250C6EF80030E1DF /* Debug */ = {
			isa = XCBuildConfiguration;
			buildSettings = {
				ASSETCATALOG_COMPILER_APPICON_NAME = AppIcon;
				CODE_SIGN_STYLE = Automatic;
				DEVELOPMENT_ASSET_PATHS = "\"NearMeApp/Preview Content\"";
				DEVELOPMENT_TEAM = 6AB7C93W73;
				ENABLE_PREVIEWS = YES;
				INFOPLIST_FILE = NearMeApp/Info.plist;
				LD_RUNPATH_SEARCH_PATHS = (
					"$(inherited)",
					"@executable_path/Frameworks",
				);
				PRODUCT_BUNDLE_IDENTIFIER = com.krazyjames.NearMeApp;
				PRODUCT_NAME = "$(TARGET_NAME)";
				SWIFT_VERSION = 5.0;
				TARGETED_DEVICE_FAMILY = "1,2";
			};
			name = Debug;
		};
		6F485B59250C6EF80030E1DF /* Release */ = {
			isa = XCBuildConfiguration;
			buildSettings = {
				ASSETCATALOG_COMPILER_APPICON_NAME = AppIcon;
				CODE_SIGN_STYLE = Automatic;
				DEVELOPMENT_ASSET_PATHS = "\"NearMeApp/Preview Content\"";
				DEVELOPMENT_TEAM = 6AB7C93W73;
				ENABLE_PREVIEWS = YES;
				INFOPLIST_FILE = NearMeApp/Info.plist;
				LD_RUNPATH_SEARCH_PATHS = (
					"$(inherited)",
					"@executable_path/Frameworks",
				);
				PRODUCT_BUNDLE_IDENTIFIER = com.krazyjames.NearMeApp;
				PRODUCT_NAME = "$(TARGET_NAME)";
				SWIFT_VERSION = 5.0;
				TARGETED_DEVICE_FAMILY = "1,2";
			};
			name = Release;
		};
/* End XCBuildConfiguration section */

/* Begin XCConfigurationList section */
		6F485B3E250C6EF40030E1DF /* Build configuration list for PBXProject "NearMeApp" */ = {
			isa = XCConfigurationList;
			buildConfigurations = (
				6F485B55250C6EF80030E1DF /* Debug */,
				6F485B56250C6EF80030E1DF /* Release */,
			);
			defaultConfigurationIsVisible = 0;
			defaultConfigurationName = Release;
		};
		6F485B57250C6EF80030E1DF /* Build configuration list for PBXNativeTarget "NearMeApp" */ = {
			isa = XCConfigurationList;
			buildConfigurations = (
				6F485B58250C6EF80030E1DF /* Debug */,
				6F485B59250C6EF80030E1DF /* Release */,
			);
			defaultConfigurationIsVisible = 0;
			defaultConfigurationName = Release;
		};
/* End XCConfigurationList section */
	};
	rootObject = 6F485B3B250C6EF40030E1DF /* Project object */;
}
