// !$*UTF8*$!
{
	archiveVersion = 1;
	classes = {
	};
	objectVersion = 50;
	objects = {

/* Begin PBXBuildFile section */
		6F68C5EC24EB4EC5004E1F9F /* AppDelegate.swift in Sources */ = {isa = PBXBuildFile; fileRef = 6F68C5EB24EB4EC5004E1F9F /* AppDelegate.swift */; };
		6F68C5EE24EB4EC5004E1F9F /* SceneDelegate.swift in Sources */ = {isa = PBXBuildFile; fileRef = 6F68C5ED24EB4EC5004E1F9F /* SceneDelegate.swift */; };
		6F68C5F024EB4EC5004E1F9F /* ContentView.swift in Sources */ = {isa = PBXBuildFile; fileRef = 6F68C5EF24EB4EC5004E1F9F /* ContentView.swift */; };
		6F68C5F224EB4EC9004E1F9F /* Assets.xcassets in Resources */ = {isa = PBXBuildFile; fileRef = 6F68C5F124EB4EC9004E1F9F /* Assets.xcassets */; };
		6F68C5F524EB4EC9004E1F9F /* Preview Assets.xcassets in Resources */ = {isa = PBXBuildFile; fileRef = 6F68C5F424EB4EC9004E1F9F /* Preview Assets.xcassets */; };
		6F68C5F824EB4EC9004E1F9F /* LaunchScreen.storyboard in Resources */ = {isa = PBXBuildFile; fileRef = 6F68C5F624EB4EC9004E1F9F /* LaunchScreen.storyboard */; };
/* End PBXBuildFile section */

/* Begin PBXFileReference section */
		6F68C5E824EB4EC5004E1F9F /* NotificationsForms.app */ = {isa = PBXFileReference; explicitFileType = wrapper.application; includeInIndex = 0; path = NotificationsForms.app; sourceTree = BUILT_PRODUCTS_DIR; };
		6F68C5EB24EB4EC5004E1F9F /* AppDelegate.swift */ = {isa = PBXFileReference; lastKnownFileType = sourcecode.swift; path = AppDelegate.swift; sourceTree = "<group>"; };
		6F68C5ED24EB4EC5004E1F9F /* SceneDelegate.swift */ = {isa = PBXFileReference; lastKnownFileType = sourcecode.swift; path = SceneDelegate.swift; sourceTree = "<group>"; };
		6F68C5EF24EB4EC5004E1F9F /* ContentView.swift */ = {isa = PBXFileReference; lastKnownFileType = sourcecode.swift; path = ContentView.swift; sourceTree = "<group>"; };
		6F68C5F124EB4EC9004E1F9F /* Assets.xcassets */ = {isa = PBXFileReference; lastKnownFileType = folder.assetcatalog; path = Assets.xcassets; sourceTree = "<group>"; };
		6F68C5F424EB4EC9004E1F9F /* Preview Assets.xcassets */ = {isa = PBXFileReference; lastKnownFileType = folder.assetcatalog; path = "Preview Assets.xcassets"; sourceTree = "<group>"; };
		6F68C5F724EB4EC9004E1F9F /* Base */ = {isa = PBXFileReference; lastKnownFileType = file.storyboard; name = Base; path = Base.lproj/LaunchScreen.storyboard; sourceTree = "<group>"; };
		6F68C5F924EB4EC9004E1F9F /* Info.plist */ = {isa = PBXFileReference; lastKnownFileType = text.plist.xml; path = Info.plist; sourceTree = "<group>"; };
/* End PBXFileReference section */

/* Begin PBXFrameworksBuildPhase section */
		6F68C5E524EB4EC5004E1F9F /* Frameworks */ = {
			isa = PBXFrameworksBuildPhase;
			buildActionMask = 2147483647;
			files = (
			);
			runOnlyForDeploymentPostprocessing = 0;
		};
/* End PBXFrameworksBuildPhase section */

/* Begin PBXGroup section */
		6F68C5DF24EB4EC5004E1F9F = {
			isa = PBXGroup;
			children = (
				6F68C5EA24EB4EC5004E1F9F /* NotificationsForms */,
				6F68C5E924EB4EC5004E1F9F /* Products */,
			);
			sourceTree = "<group>";
		};
		6F68C5E924EB4EC5004E1F9F /* Products */ = {
			isa = PBXGroup;
			children = (
				6F68C5E824EB4EC5004E1F9F /* NotificationsForms.app */,
			);
			name = Products;
			sourceTree = "<group>";
		};
		6F68C5EA24EB4EC5004E1F9F /* NotificationsForms */ = {
			isa = PBXGroup;
			children = (
				6F68C5EB24EB4EC5004E1F9F /* AppDelegate.swift */,
				6F68C5ED24EB4EC5004E1F9F /* SceneDelegate.swift */,
				6F68C5EF24EB4EC5004E1F9F /* ContentView.swift */,
				6F68C5F124EB4EC9004E1F9F /* Assets.xcassets */,
				6F68C5F624EB4EC9004E1F9F /* LaunchScreen.storyboard */,
				6F68C5F924EB4EC9004E1F9F /* Info.plist */,
				6F68C5F324EB4EC9004E1F9F /* Preview Content */,
			);
			path = NotificationsForms;
			sourceTree = "<group>";
		};
		6F68C5F324EB4EC9004E1F9F /* Preview Content */ = {
			isa = PBXGroup;
			children = (
				6F68C5F424EB4EC9004E1F9F /* Preview Assets.xcassets */,
			);
			path = "Preview Content";
			sourceTree = "<group>";
		};
/* End PBXGroup section */

/* Begin PBXNativeTarget section */
		6F68C5E724EB4EC5004E1F9F /* NotificationsForms */ = {
			isa = PBXNativeTarget;
			buildConfigurationList = 6F68C5FC24EB4EC9004E1F9F /* Build configuration list for PBXNativeTarget "NotificationsForms" */;
			buildPhases = (
				6F68C5E424EB4EC5004E1F9F /* Sources */,
				6F68C5E524EB4EC5004E1F9F /* Frameworks */,
				6F68C5E624EB4EC5004E1F9F /* Resources */,
			);
			buildRules = (
			);
			dependencies = (
			);
			name = NotificationsForms;
			productName = NotificationsForms;
			productReference = 6F68C5E824EB4EC5004E1F9F /* NotificationsForms.app */;
			productType = "com.apple.product-type.application";
		};
/* End PBXNativeTarget section */

/* Begin PBXProject section */
		6F68C5E024EB4EC5004E1F9F /* Project object */ = {
			isa = PBXProject;
			attributes = {
				LastSwiftUpdateCheck = 1160;
				LastUpgradeCheck = 1160;
				ORGANIZATIONNAME = "Jaime Escobar";
				TargetAttributes = {
					6F68C5E724EB4EC5004E1F9F = {
						CreatedOnToolsVersion = 11.6;
					};
				};
			};
			buildConfigurationList = 6F68C5E324EB4EC5004E1F9F /* Build configuration list for PBXProject "NotificationsForms" */;
			compatibilityVersion = "Xcode 9.3";
			developmentRegion = en;
			hasScannedForEncodings = 0;
			knownRegions = (
				en,
				Base,
			);
			mainGroup = 6F68C5DF24EB4EC5004E1F9F;
			productRefGroup = 6F68C5E924EB4EC5004E1F9F /* Products */;
			projectDirPath = "";
			projectRoot = "";
			targets = (
				6F68C5E724EB4EC5004E1F9F /* NotificationsForms */,
			);
		};
/* End PBXProject section */

/* Begin PBXResourcesBuildPhase section */
		6F68C5E624EB4EC5004E1F9F /* Resources */ = {
			isa = PBXResourcesBuildPhase;
			buildActionMask = 2147483647;
			files = (
				6F68C5F824EB4EC9004E1F9F /* LaunchScreen.storyboard in Resources */,
				6F68C5F524EB4EC9004E1F9F /* Preview Assets.xcassets in Resources */,
				6F68C5F224EB4EC9004E1F9F /* Assets.xcassets in Resources */,
			);
			runOnlyForDeploymentPostprocessing = 0;
		};
/* End PBXResourcesBuildPhase section */

/* Begin PBXSourcesBuildPhase section */
		6F68C5E424EB4EC5004E1F9F /* Sources */ = {
			isa = PBXSourcesBuildPhase;
			buildActionMask = 2147483647;
			files = (
				6F68C5EC24EB4EC5004E1F9F /* AppDelegate.swift in Sources */,
				6F68C5EE24EB4EC5004E1F9F /* SceneDelegate.swift in Sources */,
				6F68C5F024EB4EC5004E1F9F /* ContentView.swift in Sources */,
			);
			runOnlyForDeploymentPostprocessing = 0;
		};
/* End PBXSourcesBuildPhase section */

/* Begin PBXVariantGroup section */
		6F68C5F624EB4EC9004E1F9F /* LaunchScreen.storyboard */ = {
			isa = PBXVariantGroup;
			children = (
				6F68C5F724EB4EC9004E1F9F /* Base */,
			);
			name = LaunchScreen.storyboard;
			sourceTree = "<group>";
		};
/* End PBXVariantGroup section */

/* Begin XCBuildConfiguration section */
		6F68C5FA24EB4EC9004E1F9F /* Debug */ = {
			isa = XCBuildConfiguration;
			buildSettings = {
				ALWAYS_SEARCH_USER_PATHS = NO;
				CLANG_ANALYZER_NONNULL = YES;
				CLANG_ANALYZER_NUMBER_OBJECT_CONVERSION = YES_AGGRESSIVE;
				CLANG_CXX_LANGUAGE_STANDARD = "gnu++14";
				CLANG_CXX_LIBRARY = "libc++";
				CLANG_ENABLE_MODULES = YES;
				CLANG_ENABLE_OBJC_ARC = YES;
				CLANG_ENABLE_OBJC_WEAK = YES;
				CLANG_WARN_BLOCK_CAPTURE_AUTORELEASING = YES;
				CLANG_WARN_BOOL_CONVERSION = YES;
				CLANG_WARN_COMMA = YES;
				CLANG_WARN_CONSTANT_CONVERSION = YES;
				CLANG_WARN_DEPRECATED_OBJC_IMPLEMENTATIONS = YES;
				CLANG_WARN_DIRECT_OBJC_ISA_USAGE = YES_ERROR;
				CLANG_WARN_DOCUMENTATION_COMMENTS = YES;
				CLANG_WARN_EMPTY_BODY = YES;
				CLANG_WARN_ENUM_CONVERSION = YES;
				CLANG_WARN_INFINITE_RECURSION = YES;
				CLANG_WARN_INT_CONVERSION = YES;
				CLANG_WARN_NON_LITERAL_NULL_CONVERSION = YES;
				CLANG_WARN_OBJC_IMPLICIT_RETAIN_SELF = YES;
				CLANG_WARN_OBJC_LITERAL_CONVERSION = YES;
				CLANG_WARN_OBJC_ROOT_CLASS = YES_ERROR;
				CLANG_WARN_RANGE_LOOP_ANALYSIS = YES;
				CLANG_WARN_STRICT_PROTOTYPES = YES;
				CLANG_WARN_SUSPICIOUS_MOVE = YES;
				CLANG_WARN_UNGUARDED_AVAILABILITY = YES_AGGRESSIVE;
				CLANG_WARN_UNREACHABLE_CODE = YES;
				CLANG_WARN__DUPLICATE_METHOD_MATCH = YES;
				COPY_PHASE_STRIP = NO;
				DEBUG_INFORMATION_FORMAT = dwarf;
				ENABLE_STRICT_OBJC_MSGSEND = YES;
				ENABLE_TESTABILITY = YES;
				GCC_C_LANGUAGE_STANDARD = gnu11;
				GCC_DYNAMIC_NO_PIC = NO;
				GCC_NO_COMMON_BLOCKS = YES;
				GCC_OPTIMIZATION_LEVEL = 0;
				GCC_PREPROCESSOR_DEFINITIONS = (
					"DEBUG=1",
					"$(inherited)",
				);
				GCC_WARN_64_TO_32_BIT_CONVERSION = YES;
				GCC_WARN_ABOUT_RETURN_TYPE = YES_ERROR;
				GCC_WARN_UNDECLARED_SELECTOR = YES;
				GCC_WARN_UNINITIALIZED_AUTOS = YES_AGGRESSIVE;
				GCC_WARN_UNUSED_FUNCTION = YES;
				GCC_WARN_UNUSED_VARIABLE = YES;
				IPHONEOS_DEPLOYMENT_TARGET = 13.6;
				MTL_ENABLE_DEBUG_INFO = INCLUDE_SOURCE;
				MTL_FAST_MATH = YES;
				ONLY_ACTIVE_ARCH = YES;
				SDKROOT = iphoneos;
				SWIFT_ACTIVE_COMPILATION_CONDITIONS = DEBUG;
				SWIFT_OPTIMIZATION_LEVEL = "-Onone";
			};
			name = Debug;
		};
		6F68C5FB24EB4EC9004E1F9F /* Release */ = {
			isa = XCBuildConfiguration;
			buildSettings = {
				ALWAYS_SEARCH_USER_PATHS = NO;
				CLANG_ANALYZER_NONNULL = YES;
				CLANG_ANALYZER_NUMBER_OBJECT_CONVERSION = YES_AGGRESSIVE;
				CLANG_CXX_LANGUAGE_STANDARD = "gnu++14";
				CLANG_CXX_LIBRARY = "libc++";
				CLANG_ENABLE_MODULES = YES;
				CLANG_ENABLE_OBJC_ARC = YES;
				CLANG_ENABLE_OBJC_WEAK = YES;
				CLANG_WARN_BLOCK_CAPTURE_AUTORELEASING = YES;
				CLANG_WARN_BOOL_CONVERSION = YES;
				CLANG_WARN_COMMA = YES;
				CLANG_WARN_CONSTANT_CONVERSION = YES;
				CLANG_WARN_DEPRECATED_OBJC_IMPLEMENTATIONS = YES;
				CLANG_WARN_DIRECT_OBJC_ISA_USAGE = YES_ERROR;
				CLANG_WARN_DOCUMENTATION_COMMENTS = YES;
				CLANG_WARN_EMPTY_BODY = YES;
				CLANG_WARN_ENUM_CONVERSION = YES;
				CLANG_WARN_INFINITE_RECURSION = YES;
				CLANG_WARN_INT_CONVERSION = YES;
				CLANG_WARN_NON_LITERAL_NULL_CONVERSION = YES;
				CLANG_WARN_OBJC_IMPLICIT_RETAIN_SELF = YES;
				CLANG_WARN_OBJC_LITERAL_CONVERSION = YES;
				CLANG_WARN_OBJC_ROOT_CLASS = YES_ERROR;
				CLANG_WARN_RANGE_LOOP_ANALYSIS = YES;
				CLANG_WARN_STRICT_PROTOTYPES = YES;
				CLANG_WARN_SUSPICIOUS_MOVE = YES;
				CLANG_WARN_UNGUARDED_AVAILABILITY = YES_AGGRESSIVE;
				CLANG_WARN_UNREACHABLE_CODE = YES;
				CLANG_WARN__DUPLICATE_METHOD_MATCH = YES;
				COPY_PHASE_STRIP = NO;
				DEBUG_INFORMATION_FORMAT = "dwarf-with-dsym";
				ENABLE_NS_ASSERTIONS = NO;
				ENABLE_STRICT_OBJC_MSGSEND = YES;
				GCC_C_LANGUAGE_STANDARD = gnu11;
				GCC_NO_COMMON_BLOCKS = YES;
				GCC_WARN_64_TO_32_BIT_CONVERSION = YES;
				GCC_WARN_ABOUT_RETURN_TYPE = YES_ERROR;
				GCC_WARN_UNDECLARED_SELECTOR = YES;
				GCC_WARN_UNINITIALIZED_AUTOS = YES_AGGRESSIVE;
				GCC_WARN_UNUSED_FUNCTION = YES;
				GCC_WARN_UNUSED_VARIABLE = YES;
				IPHONEOS_DEPLOYMENT_TARGET = 13.6;
				MTL_ENABLE_DEBUG_INFO = NO;
				MTL_FAST_MATH = YES;
				SDKROOT = iphoneos;
				SWIFT_COMPILATION_MODE = wholemodule;
				SWIFT_OPTIMIZATION_LEVEL = "-O";
				VALIDATE_PRODUCT = YES;
			};
			name = Release;
		};
		6F68C5FD24EB4EC9004E1F9F /* Debug */ = {
			isa = XCBuildConfiguration;
			buildSettings = {
				ASSETCATALOG_COMPILER_APPICON_NAME = AppIcon;
				CODE_SIGN_STYLE = Automatic;
				DEVELOPMENT_ASSET_PATHS = "\"NotificationsForms/Preview Content\"";
				DEVELOPMENT_TEAM = 6AB7C93W73;
				ENABLE_PREVIEWS = YES;
				INFOPLIST_FILE = NotificationsForms/Info.plist;
				LD_RUNPATH_SEARCH_PATHS = (
					"$(inherited)",
					"@executable_path/Frameworks",
				);
				PRODUCT_BUNDLE_IDENTIFIER = com.krazyjames.NotificationsForms;
				PRODUCT_NAME = "$(TARGET_NAME)";
				SWIFT_VERSION = 5.0;
				TARGETED_DEVICE_FAMILY = "1,2";
			};
			name = Debug;
		};
		6F68C5FE24EB4EC9004E1F9F /* Release */ = {
			isa = XCBuildConfiguration;
			buildSettings = {
				ASSETCATALOG_COMPILER_APPICON_NAME = AppIcon;
				CODE_SIGN_STYLE = Automatic;
				DEVELOPMENT_ASSET_PATHS = "\"NotificationsForms/Preview Content\"";
				DEVELOPMENT_TEAM = 6AB7C93W73;
				ENABLE_PREVIEWS = YES;
				INFOPLIST_FILE = NotificationsForms/Info.plist;
				LD_RUNPATH_SEARCH_PATHS = (
					"$(inherited)",
					"@executable_path/Frameworks",
				);
				PRODUCT_BUNDLE_IDENTIFIER = com.krazyjames.NotificationsForms;
				PRODUCT_NAME = "$(TARGET_NAME)";
				SWIFT_VERSION = 5.0;
				TARGETED_DEVICE_FAMILY = "1,2";
			};
			name = Release;
		};
/* End XCBuildConfiguration section */

/* Begin XCConfigurationList section */
		6F68C5E324EB4EC5004E1F9F /* Build configuration list for PBXProject "NotificationsForms" */ = {
			isa = XCConfigurationList;
			buildConfigurations = (
				6F68C5FA24EB4EC9004E1F9F /* Debug */,
				6F68C5FB24EB4EC9004E1F9F /* Release */,
			);
			defaultConfigurationIsVisible = 0;
			defaultConfigurationName = Release;
		};
		6F68C5FC24EB4EC9004E1F9F /* Build configuration list for PBXNativeTarget "NotificationsForms" */ = {
			isa = XCConfigurationList;
			buildConfigurations = (
				6F68C5FD24EB4EC9004E1F9F /* Debug */,
				6F68C5FE24EB4EC9004E1F9F /* Release */,
			);
			defaultConfigurationIsVisible = 0;
			defaultConfigurationName = Release;
		};
/* End XCConfigurationList section */
	};
	rootObject = 6F68C5E024EB4EC5004E1F9F /* Project object */;
}
